// !$*UTF8*$!
{
	archiveVersion = 1;
	classes = {
	};
	objectVersion = 48;
	objects = {

/* Begin PBXBuildFile section */
		86131F791FC9BA5400323379 /* AppDelegate.swift in Sources */ = {isa = PBXBuildFile; fileRef = 86131F781FC9BA5400323379 /* AppDelegate.swift */; };
		86131F7B1FC9BA5400323379 /* ViewController.swift in Sources */ = {isa = PBXBuildFile; fileRef = 86131F7A1FC9BA5400323379 /* ViewController.swift */; };
		86131F7E1FC9BA5400323379 /* Main.storyboard in Resources */ = {isa = PBXBuildFile; fileRef = 86131F7C1FC9BA5400323379 /* Main.storyboard */; };
		86131F801FC9BA5400323379 /* Assets.xcassets in Resources */ = {isa = PBXBuildFile; fileRef = 86131F7F1FC9BA5400323379 /* Assets.xcassets */; };
		86131F831FC9BA5400323379 /* LaunchScreen.storyboard in Resources */ = {isa = PBXBuildFile; fileRef = 86131F811FC9BA5400323379 /* LaunchScreen.storyboard */; };
		86131F8B1FC9D28300323379 /* GoogleService-Info.plist in Resources */ = {isa = PBXBuildFile; fileRef = 86131F8A1FC9D28300323379 /* GoogleService-Info.plist */; };
		9E2C112A148E53895D1D6DF3 /* Pods_MeuAmigoSecreto.framework in Frameworks */ = {isa = PBXBuildFile; fileRef = 4E5675F1B616062A0E2BB691 /* Pods_MeuAmigoSecreto.framework */; };
/* End PBXBuildFile section */

/* Begin PBXFileReference section */
		3234A80718EF750EC12E4A88 /* Pods-MeuAmigoSecreto.debug.xcconfig */ = {isa = PBXFileReference; includeInIndex = 1; lastKnownFileType = text.xcconfig; name = "Pods-MeuAmigoSecreto.debug.xcconfig"; path = "Pods/Target Support Files/Pods-MeuAmigoSecreto/Pods-MeuAmigoSecreto.debug.xcconfig"; sourceTree = "<group>"; };
		49F159C57BA8B3AD71FA5091 /* Pods-MeuAmigoSecreto.release.xcconfig */ = {isa = PBXFileReference; includeInIndex = 1; lastKnownFileType = text.xcconfig; name = "Pods-MeuAmigoSecreto.release.xcconfig"; path = "Pods/Target Support Files/Pods-MeuAmigoSecreto/Pods-MeuAmigoSecreto.release.xcconfig"; sourceTree = "<group>"; };
		4E5675F1B616062A0E2BB691 /* Pods_MeuAmigoSecreto.framework */ = {isa = PBXFileReference; explicitFileType = wrapper.framework; includeInIndex = 0; path = Pods_MeuAmigoSecreto.framework; sourceTree = BUILT_PRODUCTS_DIR; };
		86131F751FC9BA5400323379 /* MeuAmigoSecreto.app */ = {isa = PBXFileReference; explicitFileType = wrapper.application; includeInIndex = 0; path = MeuAmigoSecreto.app; sourceTree = BUILT_PRODUCTS_DIR; };
		86131F781FC9BA5400323379 /* AppDelegate.swift */ = {isa = PBXFileReference; lastKnownFileType = sourcecode.swift; path = AppDelegate.swift; sourceTree = "<group>"; };
		86131F7A1FC9BA5400323379 /* ViewController.swift */ = {isa = PBXFileReference; lastKnownFileType = sourcecode.swift; path = ViewController.swift; sourceTree = "<group>"; };
		86131F7D1FC9BA5400323379 /* Base */ = {isa = PBXFileReference; lastKnownFileType = file.storyboard; name = Base; path = Base.lproj/Main.storyboard; sourceTree = "<group>"; };
		86131F7F1FC9BA5400323379 /* Assets.xcassets */ = {isa = PBXFileReference; lastKnownFileType = folder.assetcatalog; path = Assets.xcassets; sourceTree = "<group>"; };
		86131F821FC9BA5400323379 /* Base */ = {isa = PBXFileReference; lastKnownFileType = file.storyboard; name = Base; path = Base.lproj/LaunchScreen.storyboard; sourceTree = "<group>"; };
		86131F841FC9BA5400323379 /* Info.plist */ = {isa = PBXFileReference; lastKnownFileType = text.plist.xml; path = Info.plist; sourceTree = "<group>"; };
		86131F8A1FC9D28300323379 /* GoogleService-Info.plist */ = {isa = PBXFileReference; fileEncoding = 4; lastKnownFileType = text.plist.xml; path = "GoogleService-Info.plist"; sourceTree = "<group>"; };
/* End PBXFileReference section */

/* Begin PBXFrameworksBuildPhase section */
		86131F721FC9BA5400323379 /* Frameworks */ = {
			isa = PBXFrameworksBuildPhase;
			buildActionMask = 2147483647;
			files = (
				9E2C112A148E53895D1D6DF3 /* Pods_MeuAmigoSecreto.framework in Frameworks */,
			);
			runOnlyForDeploymentPostprocessing = 0;
		};
/* End PBXFrameworksBuildPhase section */

/* Begin PBXGroup section */
		86131F6C1FC9BA5400323379 = {
			isa = PBXGroup;
			children = (
				86131F771FC9BA5400323379 /* MeuAmigoSecreto */,
				86131F761FC9BA5400323379 /* Products */,
				B02FD23FC9F4B677D12B6835 /* Pods */,
				CEF4577428A3D30F41C35169 /* Frameworks */,
			);
			sourceTree = "<group>";
		};
		86131F761FC9BA5400323379 /* Products */ = {
			isa = PBXGroup;
			children = (
				86131F751FC9BA5400323379 /* MeuAmigoSecreto.app */,
			);
			name = Products;
			sourceTree = "<group>";
		};
		86131F771FC9BA5400323379 /* MeuAmigoSecreto */ = {
			isa = PBXGroup;
			children = (
				86131F8A1FC9D28300323379 /* GoogleService-Info.plist */,
				86131F781FC9BA5400323379 /* AppDelegate.swift */,
				86131F7A1FC9BA5400323379 /* ViewController.swift */,
				86131F7C1FC9BA5400323379 /* Main.storyboard */,
				86131F7F1FC9BA5400323379 /* Assets.xcassets */,
				86131F811FC9BA5400323379 /* LaunchScreen.storyboard */,
				86131F841FC9BA5400323379 /* Info.plist */,
			);
			path = MeuAmigoSecreto;
			sourceTree = "<group>";
		};
		B02FD23FC9F4B677D12B6835 /* Pods */ = {
			isa = PBXGroup;
			children = (
				3234A80718EF750EC12E4A88 /* Pods-MeuAmigoSecreto.debug.xcconfig */,
				49F159C57BA8B3AD71FA5091 /* Pods-MeuAmigoSecreto.release.xcconfig */,
			);
			name = Pods;
			sourceTree = "<group>";
		};
		CEF4577428A3D30F41C35169 /* Frameworks */ = {
			isa = PBXGroup;
			children = (
				4E5675F1B616062A0E2BB691 /* Pods_MeuAmigoSecreto.framework */,
			);
			name = Frameworks;
			sourceTree = "<group>";
		};
/* End PBXGroup section */

/* Begin PBXNativeTarget section */
		86131F741FC9BA5400323379 /* MeuAmigoSecreto */ = {
			isa = PBXNativeTarget;
			buildConfigurationList = 86131F871FC9BA5400323379 /* Build configuration list for PBXNativeTarget "MeuAmigoSecreto" */;
			buildPhases = (
				FB1E02A1F4797ED4DAB5C1C1 /* [CP] Check Pods Manifest.lock */,
				86131F711FC9BA5400323379 /* Sources */,
				86131F721FC9BA5400323379 /* Frameworks */,
				86131F731FC9BA5400323379 /* Resources */,
				808DB9BC5CE2E6EC96135EEF /* [CP] Embed Pods Frameworks */,
				63AF1F627AF92987F8B4983D /* [CP] Copy Pods Resources */,
			);
			buildRules = (
			);
			dependencies = (
			);
			name = MeuAmigoSecreto;
			productName = MeuAmigoSecreto;
			productReference = 86131F751FC9BA5400323379 /* MeuAmigoSecreto.app */;
			productType = "com.apple.product-type.application";
		};
/* End PBXNativeTarget section */

/* Begin PBXProject section */
		86131F6D1FC9BA5400323379 /* Project object */ = {
			isa = PBXProject;
			attributes = {
				LastSwiftUpdateCheck = 0910;
				LastUpgradeCheck = 0910;
				ORGANIZATIONNAME = com;
				TargetAttributes = {
					86131F741FC9BA5400323379 = {
						CreatedOnToolsVersion = 9.1;
						ProvisioningStyle = Automatic;
					};
				};
			};
			buildConfigurationList = 86131F701FC9BA5400323379 /* Build configuration list for PBXProject "MeuAmigoSecreto" */;
			compatibilityVersion = "Xcode 8.0";
			developmentRegion = en;
			hasScannedForEncodings = 0;
			knownRegions = (
				en,
				Base,
			);
			mainGroup = 86131F6C1FC9BA5400323379;
			productRefGroup = 86131F761FC9BA5400323379 /* Products */;
			projectDirPath = "";
			projectRoot = "";
			targets = (
				86131F741FC9BA5400323379 /* MeuAmigoSecreto */,
			);
		};
/* End PBXProject section */

/* Begin PBXResourcesBuildPhase section */
		86131F731FC9BA5400323379 /* Resources */ = {
			isa = PBXResourcesBuildPhase;
			buildActionMask = 2147483647;
			files = (
				86131F831FC9BA5400323379 /* LaunchScreen.storyboard in Resources */,
				86131F8B1FC9D28300323379 /* GoogleService-Info.plist in Resources */,
				86131F801FC9BA5400323379 /* Assets.xcassets in Resources */,
				86131F7E1FC9BA5400323379 /* Main.storyboard in Resources */,
			);
			runOnlyForDeploymentPostprocessing = 0;
		};
/* End PBXResourcesBuildPhase section */

/* Begin PBXShellScriptBuildPhase section */
		63AF1F627AF92987F8B4983D /* [CP] Copy Pods Resources */ = {
			isa = PBXShellScriptBuildPhase;
			buildActionMask = 2147483647;
			files = (
			);
			inputPaths = (
			);
			name = "[CP] Copy Pods Resources";
			outputPaths = (
			);
			runOnlyForDeploymentPostprocessing = 0;
			shellPath = /bin/sh;
			shellScript = "\"${SRCROOT}/Pods/Target Support Files/Pods-MeuAmigoSecreto/Pods-MeuAmigoSecreto-resources.sh\"\n";
			showEnvVarsInLog = 0;
		};
		808DB9BC5CE2E6EC96135EEF /* [CP] Embed Pods Frameworks */ = {
			isa = PBXShellScriptBuildPhase;
			buildActionMask = 2147483647;
			files = (
			);
			inputPaths = (
				"${SRCROOT}/Pods/Target Support Files/Pods-MeuAmigoSecreto/Pods-MeuAmigoSecreto-frameworks.sh",
				"${BUILT_PRODUCTS_DIR}/GoogleToolboxForMac/GoogleToolboxForMac.framework",
				"${BUILT_PRODUCTS_DIR}/nanopb/nanopb.framework",
			);
			name = "[CP] Embed Pods Frameworks";
			outputPaths = (
				"${TARGET_BUILD_DIR}/${FRAMEWORKS_FOLDER_PATH}/GoogleToolboxForMac.framework",
				"${TARGET_BUILD_DIR}/${FRAMEWORKS_FOLDER_PATH}/nanopb.framework",
			);
			runOnlyForDeploymentPostprocessing = 0;
			shellPath = /bin/sh;
			shellScript = "\"${SRCROOT}/Pods/Target Support Files/Pods-MeuAmigoSecreto/Pods-MeuAmigoSecreto-frameworks.sh\"\n";
			showEnvVarsInLog = 0;
		};
		FB1E02A1F4797ED4DAB5C1C1 /* [CP] Check Pods Manifest.lock */ = {
			isa = PBXShellScriptBuildPhase;
			buildActionMask = 2147483647;
			files = (
			);
			inputPaths = (
				"${PODS_PODFILE_DIR_PATH}/Podfile.lock",
				"${PODS_ROOT}/Manifest.lock",
			);
			name = "[CP] Check Pods Manifest.lock";
			outputPaths = (
				"$(DERIVED_FILE_DIR)/Pods-MeuAmigoSecreto-checkManifestLockResult.txt",
			);
			runOnlyForDeploymentPostprocessing = 0;
			shellPath = /bin/sh;
			shellScript = "diff \"${PODS_PODFILE_DIR_PATH}/Podfile.lock\" \"${PODS_ROOT}/Manifest.lock\" > /dev/null\nif [ $? != 0 ] ; then\n    # print error to STDERR\n    echo \"error: The sandbox is not in sync with the Podfile.lock. Run 'pod install' or update your CocoaPods installation.\" >&2\n    exit 1\nfi\n# This output is used by Xcode 'outputs' to avoid re-running this script phase.\necho \"SUCCESS\" > \"${SCRIPT_OUTPUT_FILE_0}\"\n";
			showEnvVarsInLog = 0;
		};
/* End PBXShellScriptBuildPhase section */

/* Begin PBXSourcesBuildPhase section */
		86131F711FC9BA5400323379 /* Sources */ = {
			isa = PBXSourcesBuildPhase;
			buildActionMask = 2147483647;
			files = (
				86131F7B1FC9BA5400323379 /* ViewController.swift in Sources */,
				86131F791FC9BA5400323379 /* AppDelegate.swift in Sources */,
			);
			runOnlyForDeploymentPostprocessing = 0;
		};
/* End PBXSourcesBuildPhase section */

/* Begin PBXVariantGroup section */
		86131F7C1FC9BA5400323379 /* Main.storyboard */ = {
			isa = PBXVariantGroup;
			children = (
				86131F7D1FC9BA5400323379 /* Base */,
			);
			name = Main.storyboard;
			sourceTree = "<group>";
		};
		86131F811FC9BA5400323379 /* LaunchScreen.storyboard */ = {
			isa = PBXVariantGroup;
			children = (
				86131F821FC9BA5400323379 /* Base */,
			);
			name = LaunchScreen.storyboard;
			sourceTree = "<group>";
		};
/* End PBXVariantGroup section */

/* Begin XCBuildConfiguration section */
		86131F851FC9BA5400323379 /* Debug */ = {
			isa = XCBuildConfiguration;
			buildSettings = {
				ALWAYS_SEARCH_USER_PATHS = NO;
				CLANG_ANALYZER_NONNULL = YES;
				CLANG_ANALYZER_NUMBER_OBJECT_CONVERSION = YES_AGGRESSIVE;
				CLANG_CXX_LANGUAGE_STANDARD = "gnu++14";
				CLANG_CXX_LIBRARY = "libc++";
				CLANG_ENABLE_MODULES = YES;
				CLANG_ENABLE_OBJC_ARC = YES;
				CLANG_WARN_BLOCK_CAPTURE_AUTORELEASING = YES;
				CLANG_WARN_BOOL_CONVERSION = YES;
				CLANG_WARN_COMMA = YES;
				CLANG_WARN_CONSTANT_CONVERSION = YES;
				CLANG_WARN_DIRECT_OBJC_ISA_USAGE = YES_ERROR;
				CLANG_WARN_DOCUMENTATION_COMMENTS = YES;
				CLANG_WARN_EMPTY_BODY = YES;
				CLANG_WARN_ENUM_CONVERSION = YES;
				CLANG_WARN_INFINITE_RECURSION = YES;
				CLANG_WARN_INT_CONVERSION = YES;
				CLANG_WARN_NON_LITERAL_NULL_CONVERSION = YES;
				CLANG_WARN_OBJC_LITERAL_CONVERSION = YES;
				CLANG_WARN_OBJC_ROOT_CLASS = YES_ERROR;
				CLANG_WARN_RANGE_LOOP_ANALYSIS = YES;
				CLANG_WARN_STRICT_PROTOTYPES = YES;
				CLANG_WARN_SUSPICIOUS_MOVE = YES;
				CLANG_WARN_UNGUARDED_AVAILABILITY = YES_AGGRESSIVE;
				CLANG_WARN_UNREACHABLE_CODE = YES;
				CLANG_WARN__DUPLICATE_METHOD_MATCH = YES;
				CODE_SIGN_IDENTITY = "iPhone Developer";
				COPY_PHASE_STRIP = NO;
				DEBUG_INFORMATION_FORMAT = dwarf;
				ENABLE_STRICT_OBJC_MSGSEND = YES;
				ENABLE_TESTABILITY = YES;
				GCC_C_LANGUAGE_STANDARD = gnu11;
				GCC_DYNAMIC_NO_PIC = NO;
				GCC_NO_COMMON_BLOCKS = YES;
				GCC_OPTIMIZATION_LEVEL = 0;
				GCC_PREPROCESSOR_DEFINITIONS = (
					"DEBUG=1",
					"$(inherited)",
				);
				GCC_WARN_64_TO_32_BIT_CONVERSION = YES;
				GCC_WARN_ABOUT_RETURN_TYPE = YES_ERROR;
				GCC_WARN_UNDECLARED_SELECTOR = YES;
				GCC_WARN_UNINITIALIZED_AUTOS = YES_AGGRESSIVE;
				GCC_WARN_UNUSED_FUNCTION = YES;
				GCC_WARN_UNUSED_VARIABLE = YES;
				IPHONEOS_DEPLOYMENT_TARGET = 11.1;
				MTL_ENABLE_DEBUG_INFO = YES;
				ONLY_ACTIVE_ARCH = YES;
				SDKROOT = iphoneos;
				SWIFT_ACTIVE_COMPILATION_CONDITIONS = DEBUG;
				SWIFT_OPTIMIZATION_LEVEL = "-Onone";
			};
			name = Debug;
		};
		86131F861FC9BA5400323379 /* Release */ = {
			isa = XCBuildConfiguration;
			buildSettings = {
				ALWAYS_SEARCH_USER_PATHS = NO;
				CLANG_ANALYZER_NONNULL = YES;
				CLANG_ANALYZER_NUMBER_OBJECT_CONVERSION = YES_AGGRESSIVE;
				CLANG_CXX_LANGUAGE_STANDARD = "gnu++14";
				CLANG_CXX_LIBRARY = "libc++";
				CLANG_ENABLE_MODULES = YES;
				CLANG_ENABLE_OBJC_ARC = YES;
				CLANG_WARN_BLOCK_CAPTURE_AUTORELEASING = YES;
				CLANG_WARN_BOOL_CONVERSION = YES;
				CLANG_WARN_COMMA = YES;
				CLANG_WARN_CONSTANT_CONVERSION = YES;
				CLANG_WARN_DIRECT_OBJC_ISA_USAGE = YES_ERROR;
				CLANG_WARN_DOCUMENTATION_COMMENTS = YES;
				CLANG_WARN_EMPTY_BODY = YES;
				CLANG_WARN_ENUM_CONVERSION = YES;
				CLANG_WARN_INFINITE_RECURSION = YES;
				CLANG_WARN_INT_CONVERSION = YES;
				CLANG_WARN_NON_LITERAL_NULL_CONVERSION = YES;
				CLANG_WARN_OBJC_LITERAL_CONVERSION = YES;
				CLANG_WARN_OBJC_ROOT_CLASS = YES_ERROR;
				CLANG_WARN_RANGE_LOOP_ANALYSIS = YES;
				CLANG_WARN_STRICT_PROTOTYPES = YES;
				CLANG_WARN_SUSPICIOUS_MOVE = YES;
				CLANG_WARN_UNGUARDED_AVAILABILITY = YES_AGGRESSIVE;
				CLANG_WARN_UNREACHABLE_CODE = YES;
				CLANG_WARN__DUPLICATE_METHOD_MATCH = YES;
				CODE_SIGN_IDENTITY = "iPhone Developer";
				COPY_PHASE_STRIP = NO;
				DEBUG_INFORMATION_FORMAT = "dwarf-with-dsym";
				ENABLE_NS_ASSERTIONS = NO;
				ENABLE_STRICT_OBJC_MSGSEND = YES;
				GCC_C_LANGUAGE_STANDARD = gnu11;
				GCC_NO_COMMON_BLOCKS = YES;
				GCC_WARN_64_TO_32_BIT_CONVERSION = YES;
				GCC_WARN_ABOUT_RETURN_TYPE = YES_ERROR;
				GCC_WARN_UNDECLARED_SELECTOR = YES;
				GCC_WARN_UNINITIALIZED_AUTOS = YES_AGGRESSIVE;
				GCC_WARN_UNUSED_FUNCTION = YES;
				GCC_WARN_UNUSED_VARIABLE = YES;
				IPHONEOS_DEPLOYMENT_TARGET = 11.1;
				MTL_ENABLE_DEBUG_INFO = NO;
				SDKROOT = iphoneos;
				SWIFT_OPTIMIZATION_LEVEL = "-Owholemodule";
				VALIDATE_PRODUCT = YES;
			};
			name = Release;
		};
		86131F881FC9BA5400323379 /* Debug */ = {
			isa = XCBuildConfiguration;
			baseConfigurationReference = 3234A80718EF750EC12E4A88 /* Pods-MeuAmigoSecreto.debug.xcconfig */;
			buildSettings = {
				ASSETCATALOG_COMPILER_APPICON_NAME = AppIcon;
				CODE_SIGN_STYLE = Automatic;
				DEVELOPMENT_TEAM = K9R3296F86;
				INFOPLIST_FILE = MeuAmigoSecreto/Info.plist;
				LD_RUNPATH_SEARCH_PATHS = "$(inherited) @executable_path/Frameworks";
				PRODUCT_BUNDLE_IDENTIFIER = com.edm.projeto.MeuAmigoSecreto;
				PRODUCT_NAME = "$(TARGET_NAME)";
				SWIFT_VERSION = 4.0;
				TARGETED_DEVICE_FAMILY = "1,2";
			};
			name = Debug;
		};
		86131F891FC9BA5400323379 /* Release */ = {
			isa = XCBuildConfiguration;
			baseConfigurationReference = 49F159C57BA8B3AD71FA5091 /* Pods-MeuAmigoSecreto.release.xcconfig */;
			buildSettings = {
				ASSETCATALOG_COMPILER_APPICON_NAME = AppIcon;
				CODE_SIGN_STYLE = Automatic;
				DEVELOPMENT_TEAM = K9R3296F86;
				INFOPLIST_FILE = MeuAmigoSecreto/Info.plist;
				LD_RUNPATH_SEARCH_PATHS = "$(inherited) @executable_path/Frameworks";
				PRODUCT_BUNDLE_IDENTIFIER = com.edm.projeto.MeuAmigoSecreto;
				PRODUCT_NAME = "$(TARGET_NAME)";
				SWIFT_VERSION = 4.0;
				TARGETED_DEVICE_FAMILY = "1,2";
			};
			name = Release;
		};
/* End XCBuildConfiguration section */

/* Begin XCConfigurationList section */
		86131F701FC9BA5400323379 /* Build configuration list for PBXProject "MeuAmigoSecreto" */ = {
			isa = XCConfigurationList;
			buildConfigurations = (
				86131F851FC9BA5400323379 /* Debug */,
				86131F861FC9BA5400323379 /* Release */,
			);
			defaultConfigurationIsVisible = 0;
			defaultConfigurationName = Release;
		};
		86131F871FC9BA5400323379 /* Build configuration list for PBXNativeTarget "MeuAmigoSecreto" */ = {
			isa = XCConfigurationList;
			buildConfigurations = (
				86131F881FC9BA5400323379 /* Debug */,
				86131F891FC9BA5400323379 /* Release */,
			);
			defaultConfigurationIsVisible = 0;
			defaultConfigurationName = Release;
		};
/* End XCConfigurationList section */
	};
	rootObject = 86131F6D1FC9BA5400323379 /* Project object */;
}
